# THIS IS AN AUTOGENERATED FILE. DO NOT EDIT THIS FILE DIRECTLY.
# yarn lockfile v1


"@babel/runtime@^7.10.3":
  version "7.11.2"
  resolved "https://registry.yarnpkg.com/@babel/runtime/-/runtime-7.11.2.tgz#f549c13c754cc40b87644b9fa9f09a6a95fe0736"
  integrity sha512-TeWkU52so0mPtDcaCTxNBI/IHiz0pZgr8VEFqXFtZWpYD08ZB6FaSwVAS8MKRQAP3bYKiVjwysOJgMFY28o6Tw==
  dependencies:
    regenerator-runtime "^0.13.4"

"d3-array@1.2.0 - 2":
  version "2.4.0"
  resolved "https://registry.yarnpkg.com/d3-array/-/d3-array-2.4.0.tgz#87f8b9ad11088769c82b5ea846bcb1cc9393f242"
  integrity sha512-KQ41bAF2BMakf/HdKT865ALd4cgND6VcIztVQZUTt0+BH3RWy6ZYnHghVXf6NFjt2ritLr8H1T8LreAAlfiNcw==

"d3-color@1 - 2":
  version "2.0.0"
  resolved "https://registry.yarnpkg.com/d3-color/-/d3-color-2.0.0.tgz#8d625cab42ed9b8f601a1760a389f7ea9189d62e"
  integrity sha512-SPXi0TSKPD4g9tw0NMZFnR95XVgUZiBH+uUTqQuDu1OsE2zomHU7ho0FISciaPvosimixwHFl3WHLGabv6dDgQ==

d3-ease@^2.0.0:
  version "2.0.0"
  resolved "https://registry.yarnpkg.com/d3-ease/-/d3-ease-2.0.0.tgz#fd1762bfca00dae4bacea504b1d628ff290ac563"
  integrity sha512-68/n9JWarxXkOWMshcT5IcjbB+agblQUaIsbnXmrzejn2O82n3p2A9R2zEB9HIEFWKFwPAEDDN8gR0VdSAyyAQ==

"d3-format@1 - 2", d3-format@^2.0.0:
  version "2.0.0"
  resolved "https://registry.yarnpkg.com/d3-format/-/d3-format-2.0.0.tgz#a10bcc0f986c372b729ba447382413aabf5b0767"
  integrity sha512-Ab3S6XuE/Q+flY96HXT0jOXcM4EAClYFnRGY5zsjRGNy6qCYrQsMffs7cV5Q9xejb35zxW5hf/guKw34kvIKsA==

"d3-interpolate@1.2.0 - 2":
  version "2.0.1"
  resolved "https://registry.yarnpkg.com/d3-interpolate/-/d3-interpolate-2.0.1.tgz#98be499cfb8a3b94d4ff616900501a64abc91163"
  integrity sha512-c5UhwwTs/yybcmTpAVqwSFl6vrQ8JZJoT5F7xNFK9pymv5C0Ymcc9/LIJHtYIggg/yS9YHw8i8O8tgb9pupjeQ==
  dependencies:
    d3-color "1 - 2"

"d3-path@1 - 2":
  version "2.0.0"
  resolved "https://registry.yarnpkg.com/d3-path/-/d3-path-2.0.0.tgz#55d86ac131a0548adae241eebfb56b4582dd09d8"
  integrity sha512-ZwZQxKhBnv9yHaiWd6ZU4x5BtCQ7pXszEV9CU6kRgwIQVQGLMv1oiL4M+MK/n79sYzsj+gcgpPQSctJUsLN7fA==

d3-scale@^3.2.2:
  version "3.2.2"
  resolved "https://registry.yarnpkg.com/d3-scale/-/d3-scale-3.2.2.tgz#36d4cbc94dc38bbb5bd91ba5eddb44c6d19bad3e"
  integrity sha512-3Mvi5HfqPFq0nlyeFlkskGjeqrR/790pINMHc4RXKJ2E6FraTd3juaRIRZZHyMAbi3LjAMW0EH4FB1WgoGyeXg==
  dependencies:
    d3-array "1.2.0 - 2"
    d3-format "1 - 2"
    d3-interpolate "1.2.0 - 2"
    d3-time "1 - 2"
    d3-time-format "2 - 3"

d3-shape@^2.0.0:
  version "2.0.0"
  resolved "https://registry.yarnpkg.com/d3-shape/-/d3-shape-2.0.0.tgz#2331b62fa784a2a1daac47a7233cfd69301381fd"
  integrity sha512-djpGlA779ua+rImicYyyjnOjeubyhql1Jyn1HK0bTyawuH76UQRWXd+pftr67H6Fa8hSwetkgb/0id3agKWykw==
  dependencies:
    d3-path "1 - 2"

"d3-time-format@2 - 3":
  version "3.0.0"
  resolved "https://registry.yarnpkg.com/d3-time-format/-/d3-time-format-3.0.0.tgz#df8056c83659e01f20ac5da5fdeae7c08d5f1bb6"
  integrity sha512-UXJh6EKsHBTjopVqZBhFysQcoXSv/5yLONZvkQ5Kk3qbwiUYkdX17Xa1PT6U1ZWXGGfB1ey5L8dKMlFq2DO0Ag==
  dependencies:
    d3-time "1 - 2"

"d3-time@1 - 2":
  version "2.0.0"
  resolved "https://registry.yarnpkg.com/d3-time/-/d3-time-2.0.0.tgz#ad7c127d17c67bd57a4c61f3eaecb81108b1e0ab"
  integrity sha512-2mvhstTFcMvwStWd9Tj3e6CEqtOivtD8AUiHT8ido/xmzrI9ijrUUihZ6nHuf/vsScRBonagOdj0Vv+SEL5G3Q==

d3-timer@^1.0.9:
  version "1.0.10"
  resolved "https://registry.yarnpkg.com/d3-timer/-/d3-timer-1.0.10.tgz#dfe76b8a91748831b13b6d9c793ffbd508dd9de5"
  integrity sha512-B1JDm0XDaQC+uvo4DT79H0XmBskgS3l6Ve+1SBCfxgmtIb1AVrPIoqd+nPSv+loMX8szQ0sVUhGngL7D5QPiXw==

"js-tokens@^3.0.0 || ^4.0.0":
  version "4.0.0"
  resolved "https://registry.yarnpkg.com/js-tokens/-/js-tokens-4.0.0.tgz#19203fb59991df98e3a287050d4647cdeaf32499"
  integrity sha512-RdJUflcE3cUzKiMqQgsCu06FPu9UdIJO0beYbPhHN4k6apgJtifcoCtT9bcxOpYBtpD2kCM6Sbzg4CausW/PKQ==

kapellmeister@^3.0.1:
  version "3.0.1"
  resolved "https://registry.yarnpkg.com/kapellmeister/-/kapellmeister-3.0.1.tgz#419b715cd221acda3db79892caedf63e1c9f7d25"
  integrity sha512-S7+gYcziMREv8RxG46138mb1O4Xf9II/bCxEJPYkhlZ7PgGWTlicgsyNad/DGc5oEAlWGLXE5ExLbTDVvJmgDA==
  dependencies:
    d3-timer "^1.0.9"

loose-envify@^1.4.0:
  version "1.4.0"
  resolved "https://registry.yarnpkg.com/loose-envify/-/loose-envify-1.4.0.tgz#71ee51fa7be4caec1a63839f7e682d8132d30caf"
  integrity sha512-lyuxPGr/Wfhrlem2CL/UcnUc1zcqKAImBDzukY7Y5F/yQiNdko6+fRLevlw1HgMySw7f611UIY408EtxRSoK3Q==
  dependencies:
    js-tokens "^3.0.0 || ^4.0.0"

object-assign@^4.1.1:
  version "4.1.1"
  resolved "https://registry.yarnpkg.com/object-assign/-/object-assign-4.1.1.tgz#2109adc7965887cfc05cbbd442cac8bfbb360863"
  integrity sha1-IQmtx5ZYh8/AXLvUQsrIv7s2CGM=

prop-types@^15.6.1, prop-types@^15.7.2:
  version "15.7.2"
  resolved "https://registry.yarnpkg.com/prop-types/-/prop-types-15.7.2.tgz#52c41e75b8c87e72b9d9360e0206b99dcbffa6c5"
  integrity sha512-8QQikdH7//R2vurIJSutZ1smHYTcLpRWEOlHnzcWHmBYrOGUysKwSsrC89BCiFj3CbrfJ/nXFdJepOVrY1GCHQ==
  dependencies:
    loose-envify "^1.4.0"
    object-assign "^4.1.1"
    react-is "^16.8.1"

react-is@^16.8.1:
  version "16.13.1"
  resolved "https://registry.yarnpkg.com/react-is/-/react-is-16.13.1.tgz#789729a4dc36de2999dc156dd6c1d9c18cea56a4"
  integrity sha512-24e6ynE2H+OKt4kqsOvNd8kBpV65zoxbA4BVsEOB3ARVWQki/DHzaUoC5KuON/BiccDaCCTZBuOcfZs70kR8bQ==

react-move@^6.4.0:
  version "6.4.0"
  resolved "https://registry.yarnpkg.com/react-move/-/react-move-6.4.0.tgz#9163a87c62fff94bf6e6980685c713739192650e"
  integrity sha512-TNyDQESDZ0xsejnxFTQ9CKarJQN6NbgpImrvIEzOVe7+jt8y7uTjJwWxqFTfmvwskIs+RmUbCWdN7PAbGyhrdA==
  dependencies:
    "@babel/runtime" "^7.10.3"
    kapellmeister "^3.0.1"
    prop-types "^15.7.2"

regenerator-runtime@^0.13.4:
  version "0.13.5"
  resolved "https://registry.yarnpkg.com/regenerator-runtime/-/regenerator-runtime-0.13.5.tgz#d878a1d094b4306d10b9096484b33ebd55e26697"
  integrity sha512-ZS5w8CpKFinUzOwW3c83oPeVXoNsrLsaCoLtJvAClH135j/R77RuymhiSErhm2lKcwSCIpmvIWSbDkIfAqKQlA==
